{
  "originHash" : "aec18003bfc7757bffcc9f90d7b514cc915c2ad426c9ad83ee22207405501a95",
  "pins" : [
    {
      "identity" : "swift-argument-parser",
      "kind" : "remoteSourceControl",
      "location" : "https://github.com/apple/swift-argument-parser",
      "state" : {
        "branch" : "1.5.0",
        "revision" : "41982a3656a71c768319979febd796c6fd111d5c"
      }
    },
    {
      "identity" : "swift-cmark",
      "kind" : "remoteSourceControl",
      "location" : "https://github.com/swiftlang/swift-cmark.git",
      "state" : {
        "revision" : "b022b08312decdc46585e0b3440d97f6f22ef703",
        "version" : "0.6.0"
      }
    },
    {
      "identity" : "swift-markdown",
      "kind" : "remoteSourceControl",
      "location" : "https://github.com/swiftlang/swift-markdown.git",
      "state" : {
        "branch" : "0.6.0",
        "revision" : "ea79e83c8744d2b50b0dc2d5bbd1e857e1253bf9"
      }
    }
  ],
  "version" : 3
}
