// !$*UTF8*$!
{
	archiveVersion = 1;
	classes = {
	};
	objectVersion = 50;
	objects = {

/* Begin PBXBuildFile section */
		FD7DFB1921B310A400693D28 /* main.swift in Sources */ = {isa = PBXBuildFile; fileRef = FD7DFB1821B310A400693D28 /* main.swift */; };
		FD7DFB2021B311F100693D28 /* FileManager.swift in Sources */ = {isa = PBXBuildFile; fileRef = FD7DFB1F21B311F100693D28 /* FileManager.swift */; };
		FD7DFB2221B312D000693D28 /* File.swift in Sources */ = {isa = PBXBuildFile; fileRef = FD7DFB2121B312D000693D28 /* File.swift */; };
		FD7DFB2421B3142C00693D28 /* PageGenerator.swift in Sources */ = {isa = PBXBuildFile; fileRef = FD7DFB2321B3142C00693D28 /* PageGenerator.swift */; };
		FDB3A1FA21B41D3600B70AB0 /* PageGeneratorTests.swift in Sources */ = {isa = PBXBuildFile; fileRef = FDB3A1F921B41D3600B70AB0 /* PageGeneratorTests.swift */; };
		FDB3A1FF21B41D7100B70AB0 /* PageGenerator.swift in Sources */ = {isa = PBXBuildFile; fileRef = FD7DFB2321B3142C00693D28 /* PageGenerator.swift */; };
		FDB3A20021B41D7500B70AB0 /* FileManager.swift in Sources */ = {isa = PBXBuildFile; fileRef = FD7DFB1F21B311F100693D28 /* FileManager.swift */; };
		FDB3A20121B41D7500B70AB0 /* File.swift in Sources */ = {isa = PBXBuildFile; fileRef = FD7DFB2121B312D000693D28 /* File.swift */; };
		FDB3A20321B422C900B70AB0 /* StubGenerator.swift in Sources */ = {isa = PBXBuildFile; fileRef = FDB3A20221B422C900B70AB0 /* StubGenerator.swift */; };
		FDB3A20421B4235400B70AB0 /* StubGenerator.swift in Sources */ = {isa = PBXBuildFile; fileRef = FDB3A20221B422C900B70AB0 /* StubGenerator.swift */; };
		FDB3A20621B425D700B70AB0 /* StubGeneratorTests.swift in Sources */ = {isa = PBXBuildFile; fileRef = FDB3A20521B425D700B70AB0 /* StubGeneratorTests.swift */; };
/* End PBXBuildFile section */

/* Begin PBXCopyFilesBuildPhase section */
		FD7DFB1321B310A400693D28 /* CopyFiles */ = {
			isa = PBXCopyFilesBuildPhase;
			buildActionMask = 2147483647;
			dstPath = /usr/share/man/man1/;
			dstSubfolderSpec = 0;
			files = (
			);
			runOnlyForDeploymentPostprocessing = 1;
		};
/* End PBXCopyFilesBuildPhase section */

/* Begin PBXFileReference section */
		FD7DFB1521B310A400693D28 /* writeit */ = {isa = PBXFileReference; explicitFileType = "compiled.mach-o.executable"; includeInIndex = 0; path = writeit; sourceTree = BUILT_PRODUCTS_DIR; };
		FD7DFB1821B310A400693D28 /* main.swift */ = {isa = PBXFileReference; lastKnownFileType = sourcecode.swift; path = main.swift; sourceTree = "<group>"; };
		FD7DFB1F21B311F100693D28 /* FileManager.swift */ = {isa = PBXFileReference; lastKnownFileType = sourcecode.swift; path = FileManager.swift; sourceTree = "<group>"; };
		FD7DFB2121B312D000693D28 /* File.swift */ = {isa = PBXFileReference; lastKnownFileType = sourcecode.swift; path = File.swift; sourceTree = "<group>"; };
		FD7DFB2321B3142C00693D28 /* PageGenerator.swift */ = {isa = PBXFileReference; lastKnownFileType = sourcecode.swift; path = PageGenerator.swift; sourceTree = "<group>"; };
		FDB3A1F721B41D3600B70AB0 /* writeit-UnitTests.xctest */ = {isa = PBXFileReference; explicitFileType = wrapper.cfbundle; includeInIndex = 0; path = "writeit-UnitTests.xctest"; sourceTree = BUILT_PRODUCTS_DIR; };
		FDB3A1F921B41D3600B70AB0 /* PageGeneratorTests.swift */ = {isa = PBXFileReference; lastKnownFileType = sourcecode.swift; path = PageGeneratorTests.swift; sourceTree = "<group>"; };
		FDB3A1FB21B41D3600B70AB0 /* Info.plist */ = {isa = PBXFileReference; lastKnownFileType = text.plist.xml; path = Info.plist; sourceTree = "<group>"; };
		FDB3A20221B422C900B70AB0 /* StubGenerator.swift */ = {isa = PBXFileReference; lastKnownFileType = sourcecode.swift; path = StubGenerator.swift; sourceTree = "<group>"; };
		FDB3A20521B425D700B70AB0 /* StubGeneratorTests.swift */ = {isa = PBXFileReference; lastKnownFileType = sourcecode.swift; path = StubGeneratorTests.swift; sourceTree = "<group>"; };
/* End PBXFileReference section */

/* Begin PBXFrameworksBuildPhase section */
		FD7DFB1221B310A400693D28 /* Frameworks */ = {
			isa = PBXFrameworksBuildPhase;
			buildActionMask = 2147483647;
			files = (
			);
			runOnlyForDeploymentPostprocessing = 0;
		};
		FDB3A1F421B41D3600B70AB0 /* Frameworks */ = {
			isa = PBXFrameworksBuildPhase;
			buildActionMask = 2147483647;
			files = (
			);
			runOnlyForDeploymentPostprocessing = 0;
		};
/* End PBXFrameworksBuildPhase section */

/* Begin PBXGroup section */
		FD7DFB0C21B310A400693D28 = {
			isa = PBXGroup;
			children = (
				FD7DFB1721B310A400693D28 /* writeit */,
				FDB3A1F821B41D3600B70AB0 /* writeit-UnitTests */,
				FD7DFB1621B310A400693D28 /* Products */,
			);
			sourceTree = "<group>";
		};
		FD7DFB1621B310A400693D28 /* Products */ = {
			isa = PBXGroup;
			children = (
				FD7DFB1521B310A400693D28 /* writeit */,
				FDB3A1F721B41D3600B70AB0 /* writeit-UnitTests.xctest */,
			);
			name = Products;
			sourceTree = "<group>";
		};
		FD7DFB1721B310A400693D28 /* writeit */ = {
			isa = PBXGroup;
			children = (
				FD7DFB1821B310A400693D28 /* main.swift */,
				FDB3A20221B422C900B70AB0 /* StubGenerator.swift */,
				FD7DFB2321B3142C00693D28 /* PageGenerator.swift */,
				FD7DFB1F21B311F100693D28 /* FileManager.swift */,
				FD7DFB2121B312D000693D28 /* File.swift */,
			);
			path = writeit;
			sourceTree = "<group>";
		};
		FDB3A1F821B41D3600B70AB0 /* writeit-UnitTests */ = {
			isa = PBXGroup;
			children = (
				FDB3A1F921B41D3600B70AB0 /* PageGeneratorTests.swift */,
				FDB3A20521B425D700B70AB0 /* StubGeneratorTests.swift */,
				FDB3A1FB21B41D3600B70AB0 /* Info.plist */,
			);
			path = "writeit-UnitTests";
			sourceTree = "<group>";
		};
/* End PBXGroup section */

/* Begin PBXNativeTarget section */
		FD7DFB1421B310A400693D28 /* writeit */ = {
			isa = PBXNativeTarget;
			buildConfigurationList = FD7DFB1C21B310A400693D28 /* Build configuration list for PBXNativeTarget "writeit" */;
			buildPhases = (
				FD7DFB1121B310A400693D28 /* Sources */,
				FD7DFB1221B310A400693D28 /* Frameworks */,
				FD7DFB1321B310A400693D28 /* CopyFiles */,
			);
			buildRules = (
			);
			dependencies = (
			);
			name = writeit;
			productName = writeit;
			productReference = FD7DFB1521B310A400693D28 /* writeit */;
			productType = "com.apple.product-type.tool";
		};
		FDB3A1F621B41D3600B70AB0 /* writeit-UnitTests */ = {
			isa = PBXNativeTarget;
			buildConfigurationList = FDB3A1FE21B41D3600B70AB0 /* Build configuration list for PBXNativeTarget "writeit-UnitTests" */;
			buildPhases = (
				FDB3A1F321B41D3600B70AB0 /* Sources */,
				FDB3A1F421B41D3600B70AB0 /* Frameworks */,
				FDB3A1F521B41D3600B70AB0 /* Resources */,
			);
			buildRules = (
			);
			dependencies = (
			);
			name = "writeit-UnitTests";
			productName = "writeit-UnitTests";
			productReference = FDB3A1F721B41D3600B70AB0 /* writeit-UnitTests.xctest */;
			productType = "com.apple.product-type.bundle.unit-test";
		};
/* End PBXNativeTarget section */

/* Begin PBXProject section */
		FD7DFB0D21B310A400693D28 /* Project object */ = {
			isa = PBXProject;
			attributes = {
				LastSwiftUpdateCheck = 1010;
				LastUpgradeCheck = 1010;
				ORGANIZATIONNAME = rockbruno;
				TargetAttributes = {
					FD7DFB1421B310A400693D28 = {
						CreatedOnToolsVersion = 10.1;
					};
					FDB3A1F621B41D3600B70AB0 = {
						CreatedOnToolsVersion = 10.1;
					};
				};
			};
			buildConfigurationList = FD7DFB1021B310A400693D28 /* Build configuration list for PBXProject "writeit" */;
			compatibilityVersion = "Xcode 9.3";
			developmentRegion = en;
			hasScannedForEncodings = 0;
			knownRegions = (
				en,
			);
			mainGroup = FD7DFB0C21B310A400693D28;
			productRefGroup = FD7DFB1621B310A400693D28 /* Products */;
			projectDirPath = "";
			projectRoot = "";
			targets = (
				FD7DFB1421B310A400693D28 /* writeit */,
				FDB3A1F621B41D3600B70AB0 /* writeit-UnitTests */,
			);
		};
/* End PBXProject section */

/* Begin PBXResourcesBuildPhase section */
		FDB3A1F521B41D3600B70AB0 /* Resources */ = {
			isa = PBXResourcesBuildPhase;
			buildActionMask = 2147483647;
			files = (
			);
			runOnlyForDeploymentPostprocessing = 0;
		};
/* End PBXResourcesBuildPhase section */

/* Begin PBXSourcesBuildPhase section */
		FD7DFB1121B310A400693D28 /* Sources */ = {
			isa = PBXSourcesBuildPhase;
			buildActionMask = 2147483647;
			files = (
				FD7DFB1921B310A400693D28 /* main.swift in Sources */,
				FD7DFB2221B312D000693D28 /* File.swift in Sources */,
				FDB3A20321B422C900B70AB0 /* StubGenerator.swift in Sources */,
				FD7DFB2421B3142C00693D28 /* PageGenerator.swift in Sources */,
				FD7DFB2021B311F100693D28 /* FileManager.swift in Sources */,
			);
			runOnlyForDeploymentPostprocessing = 0;
		};
		FDB3A1F321B41D3600B70AB0 /* Sources */ = {
			isa = PBXSourcesBuildPhase;
			buildActionMask = 2147483647;
			files = (
				FDB3A20021B41D7500B70AB0 /* FileManager.swift in Sources */,
				FDB3A20621B425D700B70AB0 /* StubGeneratorTests.swift in Sources */,
				FDB3A20121B41D7500B70AB0 /* File.swift in Sources */,
				FDB3A20421B4235400B70AB0 /* StubGenerator.swift in Sources */,
				FDB3A1FF21B41D7100B70AB0 /* PageGenerator.swift in Sources */,
				FDB3A1FA21B41D3600B70AB0 /* PageGeneratorTests.swift in Sources */,
			);
			runOnlyForDeploymentPostprocessing = 0;
		};
/* End PBXSourcesBuildPhase section */

/* Begin XCBuildConfiguration section */
		FD7DFB1A21B310A400693D28 /* Debug */ = {
			isa = XCBuildConfiguration;
			buildSettings = {
				ALWAYS_SEARCH_USER_PATHS = NO;
				CLANG_ANALYZER_NONNULL = YES;
				CLANG_ANALYZER_NUMBER_OBJECT_CONVERSION = YES_AGGRESSIVE;
				CLANG_CXX_LANGUAGE_STANDARD = "gnu++14";
				CLANG_CXX_LIBRARY = "libc++";
				CLANG_ENABLE_MODULES = YES;
				CLANG_ENABLE_OBJC_ARC = YES;
				CLANG_ENABLE_OBJC_WEAK = YES;
				CLANG_WARN_BLOCK_CAPTURE_AUTORELEASING = YES;
				CLANG_WARN_BOOL_CONVERSION = YES;
				CLANG_WARN_COMMA = YES;
				CLANG_WARN_CONSTANT_CONVERSION = YES;
				CLANG_WARN_DEPRECATED_OBJC_IMPLEMENTATIONS = YES;
				CLANG_WARN_DIRECT_OBJC_ISA_USAGE = YES_ERROR;
				CLANG_WARN_DOCUMENTATION_COMMENTS = YES;
				CLANG_WARN_EMPTY_BODY = YES;
				CLANG_WARN_ENUM_CONVERSION = YES;
				CLANG_WARN_INFINITE_RECURSION = YES;
				CLANG_WARN_INT_CONVERSION = YES;
				CLANG_WARN_NON_LITERAL_NULL_CONVERSION = YES;
				CLANG_WARN_OBJC_IMPLICIT_RETAIN_SELF = YES;
				CLANG_WARN_OBJC_LITERAL_CONVERSION = YES;
				CLANG_WARN_OBJC_ROOT_CLASS = YES_ERROR;
				CLANG_WARN_RANGE_LOOP_ANALYSIS = YES;
				CLANG_WARN_STRICT_PROTOTYPES = YES;
				CLANG_WARN_SUSPICIOUS_MOVE = YES;
				CLANG_WARN_UNGUARDED_AVAILABILITY = YES_AGGRESSIVE;
				CLANG_WARN_UNREACHABLE_CODE = YES;
				CLANG_WARN__DUPLICATE_METHOD_MATCH = YES;
				CODE_SIGN_IDENTITY = "-";
				COPY_PHASE_STRIP = NO;
				DEBUG_INFORMATION_FORMAT = dwarf;
				ENABLE_STRICT_OBJC_MSGSEND = YES;
				ENABLE_TESTABILITY = YES;
				GCC_C_LANGUAGE_STANDARD = gnu11;
				GCC_DYNAMIC_NO_PIC = NO;
				GCC_NO_COMMON_BLOCKS = YES;
				GCC_OPTIMIZATION_LEVEL = 0;
				GCC_PREPROCESSOR_DEFINITIONS = (
					"DEBUG=1",
					"$(inherited)",
				);
				GCC_WARN_64_TO_32_BIT_CONVERSION = YES;
				GCC_WARN_ABOUT_RETURN_TYPE = YES_ERROR;
				GCC_WARN_UNDECLARED_SELECTOR = YES;
				GCC_WARN_UNINITIALIZED_AUTOS = YES_AGGRESSIVE;
				GCC_WARN_UNUSED_FUNCTION = YES;
				GCC_WARN_UNUSED_VARIABLE = YES;
				MACOSX_DEPLOYMENT_TARGET = 10.14;
				MTL_ENABLE_DEBUG_INFO = INCLUDE_SOURCE;
				MTL_FAST_MATH = YES;
				ONLY_ACTIVE_ARCH = YES;
				SDKROOT = macosx;
				SWIFT_ACTIVE_COMPILATION_CONDITIONS = DEBUG;
				SWIFT_OPTIMIZATION_LEVEL = "-Onone";
			};
			name = Debug;
		};
		FD7DFB1B21B310A400693D28 /* Release */ = {
			isa = XCBuildConfiguration;
			buildSettings = {
				ALWAYS_SEARCH_USER_PATHS = NO;
				CLANG_ANALYZER_NONNULL = YES;
				CLANG_ANALYZER_NUMBER_OBJECT_CONVERSION = YES_AGGRESSIVE;
				CLANG_CXX_LANGUAGE_STANDARD = "gnu++14";
				CLANG_CXX_LIBRARY = "libc++";
				CLANG_ENABLE_MODULES = YES;
				CLANG_ENABLE_OBJC_ARC = YES;
				CLANG_ENABLE_OBJC_WEAK = YES;
				CLANG_WARN_BLOCK_CAPTURE_AUTORELEASING = YES;
				CLANG_WARN_BOOL_CONVERSION = YES;
				CLANG_WARN_COMMA = YES;
				CLANG_WARN_CONSTANT_CONVERSION = YES;
				CLANG_WARN_DEPRECATED_OBJC_IMPLEMENTATIONS = YES;
				CLANG_WARN_DIRECT_OBJC_ISA_USAGE = YES_ERROR;
				CLANG_WARN_DOCUMENTATION_COMMENTS = YES;
				CLANG_WARN_EMPTY_BODY = YES;
				CLANG_WARN_ENUM_CONVERSION = YES;
				CLANG_WARN_INFINITE_RECURSION = YES;
				CLANG_WARN_INT_CONVERSION = YES;
				CLANG_WARN_NON_LITERAL_NULL_CONVERSION = YES;
				CLANG_WARN_OBJC_IMPLICIT_RETAIN_SELF = YES;
				CLANG_WARN_OBJC_LITERAL_CONVERSION = YES;
				CLANG_WARN_OBJC_ROOT_CLASS = YES_ERROR;
				CLANG_WARN_RANGE_LOOP_ANALYSIS = YES;
				CLANG_WARN_STRICT_PROTOTYPES = YES;
				CLANG_WARN_SUSPICIOUS_MOVE = YES;
				CLANG_WARN_UNGUARDED_AVAILABILITY = YES_AGGRESSIVE;
				CLANG_WARN_UNREACHABLE_CODE = YES;
				CLANG_WARN__DUPLICATE_METHOD_MATCH = YES;
				CODE_SIGN_IDENTITY = "-";
				COPY_PHASE_STRIP = NO;
				DEBUG_INFORMATION_FORMAT = "dwarf-with-dsym";
				ENABLE_NS_ASSERTIONS = NO;
				ENABLE_STRICT_OBJC_MSGSEND = YES;
				GCC_C_LANGUAGE_STANDARD = gnu11;
				GCC_NO_COMMON_BLOCKS = YES;
				GCC_WARN_64_TO_32_BIT_CONVERSION = YES;
				GCC_WARN_ABOUT_RETURN_TYPE = YES_ERROR;
				GCC_WARN_UNDECLARED_SELECTOR = YES;
				GCC_WARN_UNINITIALIZED_AUTOS = YES_AGGRESSIVE;
				GCC_WARN_UNUSED_FUNCTION = YES;
				GCC_WARN_UNUSED_VARIABLE = YES;
				MACOSX_DEPLOYMENT_TARGET = 10.14;
				MTL_ENABLE_DEBUG_INFO = NO;
				MTL_FAST_MATH = YES;
				SDKROOT = macosx;
				SWIFT_COMPILATION_MODE = wholemodule;
				SWIFT_OPTIMIZATION_LEVEL = "-O";
			};
			name = Release;
		};
		FD7DFB1D21B310A400693D28 /* Debug */ = {
			isa = XCBuildConfiguration;
			buildSettings = {
				CODE_SIGN_STYLE = Automatic;
				PRODUCT_NAME = "$(TARGET_NAME)";
				SWIFT_VERSION = 4.2;
			};
			name = Debug;
		};
		FD7DFB1E21B310A400693D28 /* Release */ = {
			isa = XCBuildConfiguration;
			buildSettings = {
				CODE_SIGN_STYLE = Automatic;
				PRODUCT_NAME = "$(TARGET_NAME)";
				SWIFT_VERSION = 4.2;
			};
			name = Release;
		};
		FDB3A1FC21B41D3600B70AB0 /* Debug */ = {
			isa = XCBuildConfiguration;
			buildSettings = {
				CODE_SIGN_STYLE = Automatic;
				COMBINE_HIDPI_IMAGES = YES;
				INFOPLIST_FILE = "writeit-UnitTests/Info.plist";
				LD_RUNPATH_SEARCH_PATHS = (
					"$(inherited)",
					"@executable_path/../Frameworks",
					"@loader_path/../Frameworks",
				);
				PRODUCT_BUNDLE_IDENTIFIER = "com.rockbruno.writeit-UnitTests";
				PRODUCT_NAME = "$(TARGET_NAME)";
				SWIFT_VERSION = 4.2;
			};
			name = Debug;
		};
		FDB3A1FD21B41D3600B70AB0 /* Release */ = {
			isa = XCBuildConfiguration;
			buildSettings = {
				CODE_SIGN_STYLE = Automatic;
				COMBINE_HIDPI_IMAGES = YES;
				INFOPLIST_FILE = "writeit-UnitTests/Info.plist";
				LD_RUNPATH_SEARCH_PATHS = (
					"$(inherited)",
					"@executable_path/../Frameworks",
					"@loader_path/../Frameworks",
				);
				PRODUCT_BUNDLE_IDENTIFIER = "com.rockbruno.writeit-UnitTests";
				PRODUCT_NAME = "$(TARGET_NAME)";
				SWIFT_VERSION = 4.2;
			};
			name = Release;
		};
/* End XCBuildConfiguration section */

/* Begin XCConfigurationList section */
		FD7DFB1021B310A400693D28 /* Build configuration list for PBXProject "writeit" */ = {
			isa = XCConfigurationList;
			buildConfigurations = (
				FD7DFB1A21B310A400693D28 /* Debug */,
				FD7DFB1B21B310A400693D28 /* Release */,
			);
			defaultConfigurationIsVisible = 0;
			defaultConfigurationName = Release;
		};
		FD7DFB1C21B310A400693D28 /* Build configuration list for PBXNativeTarget "writeit" */ = {
			isa = XCConfigurationList;
			buildConfigurations = (
				FD7DFB1D21B310A400693D28 /* Debug */,
				FD7DFB1E21B310A400693D28 /* Release */,
			);
			defaultConfigurationIsVisible = 0;
			defaultConfigurationName = Release;
		};
		FDB3A1FE21B41D3600B70AB0 /* Build configuration list for PBXNativeTarget "writeit-UnitTests" */ = {
			isa = XCConfigurationList;
			buildConfigurations = (
				FDB3A1FC21B41D3600B70AB0 /* Debug */,
				FDB3A1FD21B41D3600B70AB0 /* Release */,
			);
			defaultConfigurationIsVisible = 0;
			defaultConfigurationName = Release;
		};
/* End XCConfigurationList section */
	};
	rootObject = FD7DFB0D21B310A400693D28 /* Project object */;
}
